
Microsoft Visual Studio Solution File, Format Version 12.00
# Visual Studio 15
VisualStudioVersion = 15.0.28307.1259
MinimumVisualStudioVersion = 10.0.40219.1
Project("{FAE04EC0-301F-11D3-BF4B-00C04F79EFBC}") = "BreadTok", "BreadTok\BreadTok.csproj", "{699EBF69-F19D-46B5-8D17-43ED41CAEDD1}"
EndProject
Project("{2150E333-8FDC-42A3-9474-1A3956D46DE8}") = "Solution Items", "Solution Items", "{10397672-BA46-4F4E-9668-DAF0516AA437}"
	ProjectSection(SolutionItems) = preProject
		..\..\..\..\..\..\Downloads\BreadTok\BreadTok\WindowReportBahan.xaml = ..\..\..\..\..\..\Downloads\BreadTok\BreadTok\WindowReportBahan.xaml
		..\..\..\..\..\..\Downloads\BreadTok\BreadTok\WindowReportBahan.xaml.cs = ..\..\..\..\..\..\Downloads\BreadTok\BreadTok\WindowReportBahan.xaml.cs
	EndProjectSection
EndProject
Global
	GlobalSection(SolutionConfigurationPlatforms) = preSolution
		Debug|Any CPU = Debug|Any CPU
		Release|Any CPU = Release|Any CPU
	EndGlobalSection
	GlobalSection(ProjectConfigurationPlatforms) = postSolution
		{699EBF69-F19D-46B5-8D17-43ED41CAEDD1}.Debug|Any CPU.ActiveCfg = Debug|Any CPU
		{699EBF69-F19D-46B5-8D17-43ED41CAEDD1}.Debug|Any CPU.Build.0 = Debug|Any CPU
		{699EBF69-F19D-46B5-8D17-43ED41CAEDD1}.Release|Any CPU.ActiveCfg = Release|Any CPU
		{699EBF69-F19D-46B5-8D17-43ED41CAEDD1}.Release|Any CPU.Build.0 = Release|Any CPU
	EndGlobalSection
	GlobalSection(SolutionProperties) = preSolution
		HideSolutionNode = FALSE
	EndGlobalSection
	GlobalSection(ExtensibilityGlobals) = postSolution
		SolutionGuid = {0990D89E-1762-4316-AE92-C7064852A4E7}
	EndGlobalSection
EndGlobal
